
Microsoft Visual Studio Solution File, Format Version 12.00
# Visual Studio Version 17
VisualStudioVersion = 17.1.32319.34
MinimumVisualStudioVersion = 10.0.40219.1
Project("{FAE04EC0-301F-11D3-BF4B-00C04F79EFBC}") = "MidExamRetake", "MidExamRetake\MidExamRetake.csproj", "{329E7621-09AB-4787-A337-9031AAAD94FA}"
EndProject
Project("{FAE04EC0-301F-11D3-BF4B-00C04F79EFBC}") = "P02.Jeweler", "P02.Jeweler\P02.Jeweler.csproj", "{57CCCDE6-60C2-4BC7-9893-A782C4A4D753}"
EndProject
Project("{FAE04EC0-301F-11D3-BF4B-00C04F79EFBC}") = "P03.SpiceShelf", "P03.SpiceShelf\P03.SpiceShelf.csproj", "{7C5AD20F-BD98-4682-9108-679B33A52C19}"
EndProject
Global
	GlobalSection(SolutionConfigurationPlatforms) = preSolution
		Debug|Any CPU = Debug|Any CPU
		Release|Any CPU = Release|Any CPU
	EndGlobalSection
	GlobalSection(ProjectConfigurationPlatforms) = postSolution
		{329E7621-09AB-4787-A337-9031AAAD94FA}.Debug|Any CPU.ActiveCfg = Debug|Any CPU
		{329E7621-09AB-4787-A337-9031AAAD94FA}.Debug|Any CPU.Build.0 = Debug|Any CPU
		{329E7621-09AB-4787-A337-9031AAAD94FA}.Release|Any CPU.ActiveCfg = Release|Any CPU
		{329E7621-09AB-4787-A337-9031AAAD94FA}.Release|Any CPU.Build.0 = Release|Any CPU
		{57CCCDE6-60C2-4BC7-9893-A782C4A4D753}.Debug|Any CPU.ActiveCfg = Debug|Any CPU
		{57CCCDE6-60C2-4BC7-9893-A782C4A4D753}.Debug|Any CPU.Build.0 = Debug|Any CPU
		{57CCCDE6-60C2-4BC7-9893-A782C4A4D753}.Release|Any CPU.ActiveCfg = Release|Any CPU
		{57CCCDE6-60C2-4BC7-9893-A782C4A4D753}.Release|Any CPU.Build.0 = Release|Any CPU
		{7C5AD20F-BD98-4682-9108-679B33A52C19}.Debug|Any CPU.ActiveCfg = Debug|Any CPU
		{7C5AD20F-BD98-4682-9108-679B33A52C19}.Debug|Any CPU.Build.0 = Debug|Any CPU
		{7C5AD20F-BD98-4682-9108-679B33A52C19}.Release|Any CPU.ActiveCfg = Release|Any CPU
		{7C5AD20F-BD98-4682-9108-679B33A52C19}.Release|Any CPU.Build.0 = Release|Any CPU
	EndGlobalSection
	GlobalSection(SolutionProperties) = preSolution
		HideSolutionNode = FALSE
	EndGlobalSection
	GlobalSection(ExtensibilityGlobals) = postSolution
		SolutionGuid = {8E2F3817-FD9F-4924-A561-3197FFCF6EA6}
	EndGlobalSection
EndGlobal
