
Microsoft Visual Studio Solution File, Format Version 12.00
# Visual Studio Version 17
VisualStudioVersion = 17.1.32319.34
MinimumVisualStudioVersion = 10.0.40219.1
Project("{FAE04EC0-301F-11D3-BF4B-00C04F79EFBC}") = "P01.TheImitationGame", "P01.TheImitationGame\P01.TheImitationGame.csproj", "{D049331F-B3A3-485A-959B-446F44DBF6F6}"
EndProject
Project("{FAE04EC0-301F-11D3-BF4B-00C04F79EFBC}") = "P02.AdAstra", "P02.AdAstra\P02.AdAstra.csproj", "{293B2698-F552-429D-9409-DDDD3596414D}"
EndProject
Project("{FAE04EC0-301F-11D3-BF4B-00C04F79EFBC}") = "P03.ThePianist", "P03.ThePianist\P03.ThePianist.csproj", "{87673B20-DAE3-4394-9E24-D7BCDEDD2334}"
EndProject
Global
	GlobalSection(SolutionConfigurationPlatforms) = preSolution
		Debug|Any CPU = Debug|Any CPU
		Release|Any CPU = Release|Any CPU
	EndGlobalSection
	GlobalSection(ProjectConfigurationPlatforms) = postSolution
		{D049331F-B3A3-485A-959B-446F44DBF6F6}.Debug|Any CPU.ActiveCfg = Debug|Any CPU
		{D049331F-B3A3-485A-959B-446F44DBF6F6}.Debug|Any CPU.Build.0 = Debug|Any CPU
		{D049331F-B3A3-485A-959B-446F44DBF6F6}.Release|Any CPU.ActiveCfg = Release|Any CPU
		{D049331F-B3A3-485A-959B-446F44DBF6F6}.Release|Any CPU.Build.0 = Release|Any CPU
		{293B2698-F552-429D-9409-DDDD3596414D}.Debug|Any CPU.ActiveCfg = Debug|Any CPU
		{293B2698-F552-429D-9409-DDDD3596414D}.Debug|Any CPU.Build.0 = Debug|Any CPU
		{293B2698-F552-429D-9409-DDDD3596414D}.Release|Any CPU.ActiveCfg = Release|Any CPU
		{293B2698-F552-429D-9409-DDDD3596414D}.Release|Any CPU.Build.0 = Release|Any CPU
		{87673B20-DAE3-4394-9E24-D7BCDEDD2334}.Debug|Any CPU.ActiveCfg = Debug|Any CPU
		{87673B20-DAE3-4394-9E24-D7BCDEDD2334}.Debug|Any CPU.Build.0 = Debug|Any CPU
		{87673B20-DAE3-4394-9E24-D7BCDEDD2334}.Release|Any CPU.ActiveCfg = Release|Any CPU
		{87673B20-DAE3-4394-9E24-D7BCDEDD2334}.Release|Any CPU.Build.0 = Release|Any CPU
	EndGlobalSection
	GlobalSection(SolutionProperties) = preSolution
		HideSolutionNode = FALSE
	EndGlobalSection
	GlobalSection(ExtensibilityGlobals) = postSolution
		SolutionGuid = {D68C2B29-53ED-4568-89DB-5A497FC4503D}
	EndGlobalSection
EndGlobal
