
Microsoft Visual Studio Solution File, Format Version 12.00
# Visual Studio Version 17
VisualStudioVersion = 17.0.32112.339
MinimumVisualStudioVersion = 10.0.40219.1
Project("{9A19103F-16F7-4668-BE54-9A1E7A4F7556}") = "01.BurgerBus", "01.BurgerBus\01.BurgerBus.csproj", "{98009135-B7FA-4936-BFC6-9AD09F7892BB}"
EndProject
Project("{9A19103F-16F7-4668-BE54-9A1E7A4F7556}") = "02.FriendListMaintenance", "02.FriendListMaintenance\02.FriendListMaintenance.csproj", "{37FA4D67-381C-49B3-9B43-0D8B29A7CAFB}"
EndProject
Project("{FAE04EC0-301F-11D3-BF4B-00C04F79EFBC}") = "03.DeckOfCards", "03.DeckOfCards\03.DeckOfCards.csproj", "{523DD464-B292-485E-AFCA-417E665FE8D5}"
EndProject
Global
	GlobalSection(SolutionConfigurationPlatforms) = preSolution
		Debug|Any CPU = Debug|Any CPU
		Release|Any CPU = Release|Any CPU
	EndGlobalSection
	GlobalSection(ProjectConfigurationPlatforms) = postSolution
		{98009135-B7FA-4936-BFC6-9AD09F7892BB}.Debug|Any CPU.ActiveCfg = Debug|Any CPU
		{98009135-B7FA-4936-BFC6-9AD09F7892BB}.Debug|Any CPU.Build.0 = Debug|Any CPU
		{98009135-B7FA-4936-BFC6-9AD09F7892BB}.Release|Any CPU.ActiveCfg = Release|Any CPU
		{98009135-B7FA-4936-BFC6-9AD09F7892BB}.Release|Any CPU.Build.0 = Release|Any CPU
		{37FA4D67-381C-49B3-9B43-0D8B29A7CAFB}.Debug|Any CPU.ActiveCfg = Debug|Any CPU
		{37FA4D67-381C-49B3-9B43-0D8B29A7CAFB}.Debug|Any CPU.Build.0 = Debug|Any CPU
		{37FA4D67-381C-49B3-9B43-0D8B29A7CAFB}.Release|Any CPU.ActiveCfg = Release|Any CPU
		{37FA4D67-381C-49B3-9B43-0D8B29A7CAFB}.Release|Any CPU.Build.0 = Release|Any CPU
		{523DD464-B292-485E-AFCA-417E665FE8D5}.Debug|Any CPU.ActiveCfg = Debug|Any CPU
		{523DD464-B292-485E-AFCA-417E665FE8D5}.Debug|Any CPU.Build.0 = Debug|Any CPU
		{523DD464-B292-485E-AFCA-417E665FE8D5}.Release|Any CPU.ActiveCfg = Release|Any CPU
		{523DD464-B292-485E-AFCA-417E665FE8D5}.Release|Any CPU.Build.0 = Release|Any CPU
	EndGlobalSection
	GlobalSection(SolutionProperties) = preSolution
		HideSolutionNode = FALSE
	EndGlobalSection
	GlobalSection(ExtensibilityGlobals) = postSolution
		SolutionGuid = {8F0B0E2B-E070-486D-A0D9-F54435AB3527}
	EndGlobalSection
EndGlobal
