
Microsoft Visual Studio Solution File, Format Version 12.00
# Visual Studio Version 16
VisualStudioVersion = 16.0.31829.152
MinimumVisualStudioVersion = 10.0.40219.1
Project("{FAE04EC0-301F-11D3-BF4B-00C04F79EFBC}") = "01. Clock", "01. Clock\01. Clock.csproj", "{AD2D3A61-4B6A-411A-B3A1-BEA86B3AFFED}"
EndProject
Project("{FAE04EC0-301F-11D3-BF4B-00C04F79EFBC}") = "02. Multiplication Table", "02. Multiplication Table\02. Multiplication Table.csproj", "{4F54A442-0A0D-4AEE-832F-F323E42475AA}"
EndProject
Project("{FAE04EC0-301F-11D3-BF4B-00C04F79EFBC}") = "04. Sum of Two Numbers", "04. Sum of Two Numbers\04. Sum of Two Numbers.csproj", "{833457BB-6E38-496D-BBFA-E810297F2247}"
EndProject
Project("{FAE04EC0-301F-11D3-BF4B-00C04F79EFBC}") = "05. Travelling", "05. Travelling\05. Travelling.csproj", "{D869232E-565D-457B-959C-08E1601E3778}"
EndProject
Project("{FAE04EC0-301F-11D3-BF4B-00C04F79EFBC}") = "06. Building", "06. Building\06. Building.csproj", "{56D1334D-C99C-4889-9B94-D2E10309925C}"
EndProject
Global
	GlobalSection(SolutionConfigurationPlatforms) = preSolution
		Debug|Any CPU = Debug|Any CPU
		Release|Any CPU = Release|Any CPU
	EndGlobalSection
	GlobalSection(ProjectConfigurationPlatforms) = postSolution
		{AD2D3A61-4B6A-411A-B3A1-BEA86B3AFFED}.Debug|Any CPU.ActiveCfg = Debug|Any CPU
		{AD2D3A61-4B6A-411A-B3A1-BEA86B3AFFED}.Debug|Any CPU.Build.0 = Debug|Any CPU
		{AD2D3A61-4B6A-411A-B3A1-BEA86B3AFFED}.Release|Any CPU.ActiveCfg = Release|Any CPU
		{AD2D3A61-4B6A-411A-B3A1-BEA86B3AFFED}.Release|Any CPU.Build.0 = Release|Any CPU
		{4F54A442-0A0D-4AEE-832F-F323E42475AA}.Debug|Any CPU.ActiveCfg = Debug|Any CPU
		{4F54A442-0A0D-4AEE-832F-F323E42475AA}.Debug|Any CPU.Build.0 = Debug|Any CPU
		{4F54A442-0A0D-4AEE-832F-F323E42475AA}.Release|Any CPU.ActiveCfg = Release|Any CPU
		{4F54A442-0A0D-4AEE-832F-F323E42475AA}.Release|Any CPU.Build.0 = Release|Any CPU
		{833457BB-6E38-496D-BBFA-E810297F2247}.Debug|Any CPU.ActiveCfg = Debug|Any CPU
		{833457BB-6E38-496D-BBFA-E810297F2247}.Debug|Any CPU.Build.0 = Debug|Any CPU
		{833457BB-6E38-496D-BBFA-E810297F2247}.Release|Any CPU.ActiveCfg = Release|Any CPU
		{833457BB-6E38-496D-BBFA-E810297F2247}.Release|Any CPU.Build.0 = Release|Any CPU
		{D869232E-565D-457B-959C-08E1601E3778}.Debug|Any CPU.ActiveCfg = Debug|Any CPU
		{D869232E-565D-457B-959C-08E1601E3778}.Debug|Any CPU.Build.0 = Debug|Any CPU
		{D869232E-565D-457B-959C-08E1601E3778}.Release|Any CPU.ActiveCfg = Release|Any CPU
		{D869232E-565D-457B-959C-08E1601E3778}.Release|Any CPU.Build.0 = Release|Any CPU
		{56D1334D-C99C-4889-9B94-D2E10309925C}.Debug|Any CPU.ActiveCfg = Debug|Any CPU
		{56D1334D-C99C-4889-9B94-D2E10309925C}.Debug|Any CPU.Build.0 = Debug|Any CPU
		{56D1334D-C99C-4889-9B94-D2E10309925C}.Release|Any CPU.ActiveCfg = Release|Any CPU
		{56D1334D-C99C-4889-9B94-D2E10309925C}.Release|Any CPU.Build.0 = Release|Any CPU
	EndGlobalSection
	GlobalSection(SolutionProperties) = preSolution
		HideSolutionNode = FALSE
	EndGlobalSection
	GlobalSection(ExtensibilityGlobals) = postSolution
		SolutionGuid = {505B5B91-035C-4331-A65A-5546C6E6B6C4}
	EndGlobalSection
EndGlobal
